
Microsoft Visual Studio Solution File, Format Version 12.00
# Visual Studio Version 17
VisualStudioVersion = 17.12.35521.163 d17.12
MinimumVisualStudioVersion = 10.0.40219.1
Project("{FAE04EC0-301F-11D3-BF4B-00C04F79EFBC}") = "tyler_rewrite", "tyler_rewrite\tyler_rewrite.csproj", "{7628150C-3AB7-477D-B2EF-77F51A38F9FF}"
EndProject
Global
	GlobalSection(SolutionConfigurationPlatforms) = preSolution
		Debug|Any CPU = Debug|Any CPU
		Release|Any CPU = Release|Any CPU
	EndGlobalSection
	GlobalSection(ProjectConfigurationPlatforms) = postSolution
		{7628150C-3AB7-477D-B2EF-77F51A38F9FF}.Debug|Any CPU.ActiveCfg = Debug|Any CPU
		{7628150C-3AB7-477D-B2EF-77F51A38F9FF}.Debug|Any CPU.Build.0 = Debug|Any CPU
		{7628150C-3AB7-477D-B2EF-77F51A38F9FF}.Release|Any CPU.ActiveCfg = Release|Any CPU
		{7628150C-3AB7-477D-B2EF-77F51A38F9FF}.Release|Any CPU.Build.0 = Release|Any CPU
	EndGlobalSection
	GlobalSection(SolutionProperties) = preSolution
		HideSolutionNode = FALSE
	EndGlobalSection
EndGlobal
